
Microsoft Visual Studio Solution File, Format Version 12.00
# Visual Studio Version 17
VisualStudioVersion = 17.6.33723.286
MinimumVisualStudioVersion = 10.0.40219.1
Project("{FAE04EC0-301F-11D3-BF4B-00C04F79EFBC}") = "StudentOperationCRUD", "StudentOperationCRUD\StudentOperationCRUD.csproj", "{8B980135-DF51-4491-955D-4F46AD2BF9E2}"
EndProject
Global
	GlobalSection(SolutionConfigurationPlatforms) = preSolution
		Debug|Any CPU = Debug|Any CPU
		Release|Any CPU = Release|Any CPU
	EndGlobalSection
	GlobalSection(ProjectConfigurationPlatforms) = postSolution
		{8B980135-DF51-4491-955D-4F46AD2BF9E2}.Debug|Any CPU.ActiveCfg = Debug|Any CPU
		{8B980135-DF51-4491-955D-4F46AD2BF9E2}.Debug|Any CPU.Build.0 = Debug|Any CPU
		{8B980135-DF51-4491-955D-4F46AD2BF9E2}.Release|Any CPU.ActiveCfg = Release|Any CPU
		{8B980135-DF51-4491-955D-4F46AD2BF9E2}.Release|Any CPU.Build.0 = Release|Any CPU
	EndGlobalSection
	GlobalSection(SolutionProperties) = preSolution
		HideSolutionNode = FALSE
	EndGlobalSection
	GlobalSection(ExtensibilityGlobals) = postSolution
		SolutionGuid = {C554B57D-6AAE-4B37-968E-08469F14DB9D}
	EndGlobalSection
EndGlobal
